
Microsoft Visual Studio Solution File, Format Version 12.00
# Visual Studio 15
VisualStudioVersion = 15.0.26730.16
MinimumVisualStudioVersion = 10.0.40219.1
Project("{FAE04EC0-301F-11D3-BF4B-00C04F79EFBC}") = "LuGa.Core.Services.Events", "LuGa.Core.Services.Events\LuGa.Core.Services.Events.csproj", "{E5B3C15D-5FD7-426B-ADCB-53259D2A76C2}"
EndProject
Global
	GlobalSection(SolutionConfigurationPlatforms) = preSolution
		Debug|Any CPU = Debug|Any CPU
		Release|Any CPU = Release|Any CPU
	EndGlobalSection
	GlobalSection(ProjectConfigurationPlatforms) = postSolution
		{E5B3C15D-5FD7-426B-ADCB-53259D2A76C2}.Debug|Any CPU.ActiveCfg = Debug|Any CPU
		{E5B3C15D-5FD7-426B-ADCB-53259D2A76C2}.Debug|Any CPU.Build.0 = Debug|Any CPU
		{E5B3C15D-5FD7-426B-ADCB-53259D2A76C2}.Release|Any CPU.ActiveCfg = Release|Any CPU
		{E5B3C15D-5FD7-426B-ADCB-53259D2A76C2}.Release|Any CPU.Build.0 = Release|Any CPU
	EndGlobalSection
	GlobalSection(SolutionProperties) = preSolution
		HideSolutionNode = FALSE
	EndGlobalSection
	GlobalSection(ExtensibilityGlobals) = postSolution
		SolutionGuid = {730E57B3-2BAA-41CA-A3BB-920F3CBBD3B0}
	EndGlobalSection
EndGlobal
